// !$*UTF8*$!
{
	archiveVersion = 1;
	classes = {
	};
	objectVersion = 50;
	objects = {

/* Begin PBXBuildFile section */
		585E045A259EB9C1008E9808 /* MyContactsApp.swift in Sources */ = {isa = PBXBuildFile; fileRef = 585E0459259EB9C1008E9808 /* MyContactsApp.swift */; };
		585E045C259EB9C1008E9808 /* ContentView.swift in Sources */ = {isa = PBXBuildFile; fileRef = 585E045B259EB9C1008E9808 /* ContentView.swift */; };
		585E045E259EB9C2008E9808 /* Assets.xcassets in Resources */ = {isa = PBXBuildFile; fileRef = 585E045D259EB9C2008E9808 /* Assets.xcassets */; };
		585E0461259EB9C2008E9808 /* Preview Assets.xcassets in Resources */ = {isa = PBXBuildFile; fileRef = 585E0460259EB9C2008E9808 /* Preview Assets.xcassets */; };
		585E046C259EB9C2008E9808 /* MyContactsTests.swift in Sources */ = {isa = PBXBuildFile; fileRef = 585E046B259EB9C2008E9808 /* MyContactsTests.swift */; };
		585E0477259EB9C2008E9808 /* MyContactsUITests.swift in Sources */ = {isa = PBXBuildFile; fileRef = 585E0476259EB9C2008E9808 /* MyContactsUITests.swift */; };
		585E048B259EBD05008E9808 /* Contact.swift in Sources */ = {isa = PBXBuildFile; fileRef = 585E048A259EBD05008E9808 /* Contact.swift */; };
		585E0490259EBD88008E9808 /* ContactManager.swift in Sources */ = {isa = PBXBuildFile; fileRef = 585E048F259EBD88008E9808 /* ContactManager.swift */; };
		585E04A0259EBDD9008E9808 /* ContactRowView.swift in Sources */ = {isa = PBXBuildFile; fileRef = 585E049F259EBDD9008E9808 /* ContactRowView.swift */; };
		585E04A5259EBF17008E9808 /* ContactDetailView.swift in Sources */ = {isa = PBXBuildFile; fileRef = 585E04A4259EBF17008E9808 /* ContactDetailView.swift */; };
/* End PBXBuildFile section */

/* Begin PBXContainerItemProxy section */
		585E0468259EB9C2008E9808 /* PBXContainerItemProxy */ = {
			isa = PBXContainerItemProxy;
			containerPortal = 585E044E259EB9C1008E9808 /* Project object */;
			proxyType = 1;
			remoteGlobalIDString = 585E0455259EB9C1008E9808;
			remoteInfo = MyContacts;
		};
		585E0473259EB9C2008E9808 /* PBXContainerItemProxy */ = {
			isa = PBXContainerItemProxy;
			containerPortal = 585E044E259EB9C1008E9808 /* Project object */;
			proxyType = 1;
			remoteGlobalIDString = 585E0455259EB9C1008E9808;
			remoteInfo = MyContacts;
		};
/* End PBXContainerItemProxy section */

/* Begin PBXFileReference section */
		585E0456259EB9C1008E9808 /* MyContacts.app */ = {isa = PBXFileReference; explicitFileType = wrapper.application; includeInIndex = 0; path = MyContacts.app; sourceTree = BUILT_PRODUCTS_DIR; };
		585E0459259EB9C1008E9808 /* MyContactsApp.swift */ = {isa = PBXFileReference; lastKnownFileType = sourcecode.swift; path = MyContactsApp.swift; sourceTree = "<group>"; };
		585E045B259EB9C1008E9808 /* ContentView.swift */ = {isa = PBXFileReference; lastKnownFileType = sourcecode.swift; path = ContentView.swift; sourceTree = "<group>"; };
		585E045D259EB9C2008E9808 /* Assets.xcassets */ = {isa = PBXFileReference; lastKnownFileType = folder.assetcatalog; path = Assets.xcassets; sourceTree = "<group>"; };
		585E0460259EB9C2008E9808 /* Preview Assets.xcassets */ = {isa = PBXFileReference; lastKnownFileType = folder.assetcatalog; path = "Preview Assets.xcassets"; sourceTree = "<group>"; };
		585E0462259EB9C2008E9808 /* Info.plist */ = {isa = PBXFileReference; lastKnownFileType = text.plist.xml; path = Info.plist; sourceTree = "<group>"; };
		585E0467259EB9C2008E9808 /* MyContactsTests.xctest */ = {isa = PBXFileReference; explicitFileType = wrapper.cfbundle; includeInIndex = 0; path = MyContactsTests.xctest; sourceTree = BUILT_PRODUCTS_DIR; };
		585E046B259EB9C2008E9808 /* MyContactsTests.swift */ = {isa = PBXFileReference; lastKnownFileType = sourcecode.swift; path = MyContactsTests.swift; sourceTree = "<group>"; };
		585E046D259EB9C2008E9808 /* Info.plist */ = {isa = PBXFileReference; lastKnownFileType = text.plist.xml; path = Info.plist; sourceTree = "<group>"; };
		585E0472259EB9C2008E9808 /* MyContactsUITests.xctest */ = {isa = PBXFileReference; explicitFileType = wrapper.cfbundle; includeInIndex = 0; path = MyContactsUITests.xctest; sourceTree = BUILT_PRODUCTS_DIR; };
		585E0476259EB9C2008E9808 /* MyContactsUITests.swift */ = {isa = PBXFileReference; lastKnownFileType = sourcecode.swift; path = MyContactsUITests.swift; sourceTree = "<group>"; };
		585E0478259EB9C2008E9808 /* Info.plist */ = {isa = PBXFileReference; lastKnownFileType = text.plist.xml; path = Info.plist; sourceTree = "<group>"; };
		585E048A259EBD05008E9808 /* Contact.swift */ = {isa = PBXFileReference; lastKnownFileType = sourcecode.swift; path = Contact.swift; sourceTree = "<group>"; };
		585E048F259EBD88008E9808 /* ContactManager.swift */ = {isa = PBXFileReference; lastKnownFileType = sourcecode.swift; path = ContactManager.swift; sourceTree = "<group>"; };
		585E049F259EBDD9008E9808 /* ContactRowView.swift */ = {isa = PBXFileReference; lastKnownFileType = sourcecode.swift; path = ContactRowView.swift; sourceTree = "<group>"; };
		585E04A4259EBF17008E9808 /* ContactDetailView.swift */ = {isa = PBXFileReference; lastKnownFileType = sourcecode.swift; path = ContactDetailView.swift; sourceTree = "<group>"; };
/* End PBXFileReference section */

/* Begin PBXFrameworksBuildPhase section */
		585E0453259EB9C1008E9808 /* Frameworks */ = {
			isa = PBXFrameworksBuildPhase;
			buildActionMask = 2147483647;
			files = (
			);
			runOnlyForDeploymentPostprocessing = 0;
		};
		585E0464259EB9C2008E9808 /* Frameworks */ = {
			isa = PBXFrameworksBuildPhase;
			buildActionMask = 2147483647;
			files = (
			);
			runOnlyForDeploymentPostprocessing = 0;
		};
		585E046F259EB9C2008E9808 /* Frameworks */ = {
			isa = PBXFrameworksBuildPhase;
			buildActionMask = 2147483647;
			files = (
			);
			runOnlyForDeploymentPostprocessing = 0;
		};
/* End PBXFrameworksBuildPhase section */

/* Begin PBXGroup section */
		585E044D259EB9C1008E9808 = {
			isa = PBXGroup;
			children = (
				585E0458259EB9C1008E9808 /* MyContacts */,
				585E046A259EB9C2008E9808 /* MyContactsTests */,
				585E0475259EB9C2008E9808 /* MyContactsUITests */,
				585E0457259EB9C1008E9808 /* Products */,
			);
			sourceTree = "<group>";
		};
		585E0457259EB9C1008E9808 /* Products */ = {
			isa = PBXGroup;
			children = (
				585E0456259EB9C1008E9808 /* MyContacts.app */,
				585E0467259EB9C2008E9808 /* MyContactsTests.xctest */,
				585E0472259EB9C2008E9808 /* MyContactsUITests.xctest */,
			);
			name = Products;
			sourceTree = "<group>";
		};
		585E0458259EB9C1008E9808 /* MyContacts */ = {
			isa = PBXGroup;
			children = (
				585E0459259EB9C1008E9808 /* MyContactsApp.swift */,
				585E04B0259EC3CC008E9808 /* Model */,
				585E04AC259EC3C7008E9808 /* View */,
				585E04B5259EC3F7008E9808 /* Manager */,
				585E04B4259EC3E2008E9808 /* Supporting */,
			);
			path = MyContacts;
			sourceTree = "<group>";
		};
		585E045F259EB9C2008E9808 /* Preview Content */ = {
			isa = PBXGroup;
			children = (
				585E0460259EB9C2008E9808 /* Preview Assets.xcassets */,
			);
			path = "Preview Content";
			sourceTree = "<group>";
		};
		585E046A259EB9C2008E9808 /* MyContactsTests */ = {
			isa = PBXGroup;
			children = (
				585E046B259EB9C2008E9808 /* MyContactsTests.swift */,
				585E046D259EB9C2008E9808 /* Info.plist */,
			);
			path = MyContactsTests;
			sourceTree = "<group>";
		};
		585E0475259EB9C2008E9808 /* MyContactsUITests */ = {
			isa = PBXGroup;
			children = (
				585E0476259EB9C2008E9808 /* MyContactsUITests.swift */,
				585E0478259EB9C2008E9808 /* Info.plist */,
			);
			path = MyContactsUITests;
			sourceTree = "<group>";
		};
		585E04AC259EC3C7008E9808 /* View */ = {
			isa = PBXGroup;
			children = (
				585E045B259EB9C1008E9808 /* ContentView.swift */,
				585E049F259EBDD9008E9808 /* ContactRowView.swift */,
				585E04A4259EBF17008E9808 /* ContactDetailView.swift */,
			);
			path = View;
			sourceTree = "<group>";
		};
		585E04B0259EC3CC008E9808 /* Model */ = {
			isa = PBXGroup;
			children = (
				585E048A259EBD05008E9808 /* Contact.swift */,
			);
			path = Model;
			sourceTree = "<group>";
		};
		585E04B4259EC3E2008E9808 /* Supporting */ = {
			isa = PBXGroup;
			children = (
				585E045D259EB9C2008E9808 /* Assets.xcassets */,
				585E0462259EB9C2008E9808 /* Info.plist */,
				585E045F259EB9C2008E9808 /* Preview Content */,
			);
			path = Supporting;
			sourceTree = "<group>";
		};
		585E04B5259EC3F7008E9808 /* Manager */ = {
			isa = PBXGroup;
			children = (
				585E048F259EBD88008E9808 /* ContactManager.swift */,
			);
			path = Manager;
			sourceTree = "<group>";
		};
/* End PBXGroup section */

/* Begin PBXNativeTarget section */
		585E0455259EB9C1008E9808 /* MyContacts */ = {
			isa = PBXNativeTarget;
			buildConfigurationList = 585E047B259EB9C2008E9808 /* Build configuration list for PBXNativeTarget "MyContacts" */;
			buildPhases = (
				585E0452259EB9C1008E9808 /* Sources */,
				585E0453259EB9C1008E9808 /* Frameworks */,
				585E0454259EB9C1008E9808 /* Resources */,
			);
			buildRules = (
			);
			dependencies = (
			);
			name = MyContacts;
			productName = MyContacts;
			productReference = 585E0456259EB9C1008E9808 /* MyContacts.app */;
			productType = "com.apple.product-type.application";
		};
		585E0466259EB9C2008E9808 /* MyContactsTests */ = {
			isa = PBXNativeTarget;
			buildConfigurationList = 585E047E259EB9C2008E9808 /* Build configuration list for PBXNativeTarget "MyContactsTests" */;
			buildPhases = (
				585E0463259EB9C2008E9808 /* Sources */,
				585E0464259EB9C2008E9808 /* Frameworks */,
				585E0465259EB9C2008E9808 /* Resources */,
			);
			buildRules = (
			);
			dependencies = (
				585E0469259EB9C2008E9808 /* PBXTargetDependency */,
			);
			name = MyContactsTests;
			productName = MyContactsTests;
			productReference = 585E0467259EB9C2008E9808 /* MyContactsTests.xctest */;
			productType = "com.apple.product-type.bundle.unit-test";
		};
		585E0471259EB9C2008E9808 /* MyContactsUITests */ = {
			isa = PBXNativeTarget;
			buildConfigurationList = 585E0481259EB9C2008E9808 /* Build configuration list for PBXNativeTarget "MyContactsUITests" */;
			buildPhases = (
				585E046E259EB9C2008E9808 /* Sources */,
				585E046F259EB9C2008E9808 /* Frameworks */,
				585E0470259EB9C2008E9808 /* Resources */,
			);
			buildRules = (
			);
			dependencies = (
				585E0474259EB9C2008E9808 /* PBXTargetDependency */,
			);
			name = MyContactsUITests;
			productName = MyContactsUITests;
			productReference = 585E0472259EB9C2008E9808 /* MyContactsUITests.xctest */;
			productType = "com.apple.product-type.bundle.ui-testing";
		};
/* End PBXNativeTarget section */

/* Begin PBXProject section */
		585E044E259EB9C1008E9808 /* Project object */ = {
			isa = PBXProject;
			attributes = {
				LastSwiftUpdateCheck = 1230;
				LastUpgradeCheck = 1230;
				TargetAttributes = {
					585E0455259EB9C1008E9808 = {
						CreatedOnToolsVersion = 12.3;
					};
					585E0466259EB9C2008E9808 = {
						CreatedOnToolsVersion = 12.3;
						TestTargetID = 585E0455259EB9C1008E9808;
					};
					585E0471259EB9C2008E9808 = {
						CreatedOnToolsVersion = 12.3;
						TestTargetID = 585E0455259EB9C1008E9808;
					};
				};
			};
			buildConfigurationList = 585E0451259EB9C1008E9808 /* Build configuration list for PBXProject "MyContacts" */;
			compatibilityVersion = "Xcode 9.3";
			developmentRegion = en;
			hasScannedForEncodings = 0;
			knownRegions = (
				en,
				Base,
			);
			mainGroup = 585E044D259EB9C1008E9808;
			productRefGroup = 585E0457259EB9C1008E9808 /* Products */;
			projectDirPath = "";
			projectRoot = "";
			targets = (
				585E0455259EB9C1008E9808 /* MyContacts */,
				585E0466259EB9C2008E9808 /* MyContactsTests */,
				585E0471259EB9C2008E9808 /* MyContactsUITests */,
			);
		};
/* End PBXProject section */

/* Begin PBXResourcesBuildPhase section */
		585E0454259EB9C1008E9808 /* Resources */ = {
			isa = PBXResourcesBuildPhase;
			buildActionMask = 2147483647;
			files = (
				585E0461259EB9C2008E9808 /* Preview Assets.xcassets in Resources */,
				585E045E259EB9C2008E9808 /* Assets.xcassets in Resources */,
			);
			runOnlyForDeploymentPostprocessing = 0;
		};
		585E0465259EB9C2008E9808 /* Resources */ = {
			isa = PBXResourcesBuildPhase;
			buildActionMask = 2147483647;
			files = (
			);
			runOnlyForDeploymentPostprocessing = 0;
		};
		585E0470259EB9C2008E9808 /* Resources */ = {
			isa = PBXResourcesBuildPhase;
			buildActionMask = 2147483647;
			files = (
			);
			runOnlyForDeploymentPostprocessing = 0;
		};
/* End PBXResourcesBuildPhase section */

/* Begin PBXSourcesBuildPhase section */
		585E0452259EB9C1008E9808 /* Sources */ = {
			isa = PBXSourcesBuildPhase;
			buildActionMask = 2147483647;
			files = (
				585E04A5259EBF17008E9808 /* ContactDetailView.swift in Sources */,
				585E048B259EBD05008E9808 /* Contact.swift in Sources */,
				585E04A0259EBDD9008E9808 /* ContactRowView.swift in Sources */,
				585E045C259EB9C1008E9808 /* ContentView.swift in Sources */,
				585E0490259EBD88008E9808 /* ContactManager.swift in Sources */,
				585E045A259EB9C1008E9808 /* MyContactsApp.swift in Sources */,
			);
			runOnlyForDeploymentPostprocessing = 0;
		};
		585E0463259EB9C2008E9808 /* Sources */ = {
			isa = PBXSourcesBuildPhase;
			buildActionMask = 2147483647;
			files = (
				585E046C259EB9C2008E9808 /* MyContactsTests.swift in Sources */,
			);
			runOnlyForDeploymentPostprocessing = 0;
		};
		585E046E259EB9C2008E9808 /* Sources */ = {
			isa = PBXSourcesBuildPhase;
			buildActionMask = 2147483647;
			files = (
				585E0477259EB9C2008E9808 /* MyContactsUITests.swift in Sources */,
			);
			runOnlyForDeploymentPostprocessing = 0;
		};
/* End PBXSourcesBuildPhase section */

/* Begin PBXTargetDependency section */
		585E0469259EB9C2008E9808 /* PBXTargetDependency */ = {
			isa = PBXTargetDependency;
			target = 585E0455259EB9C1008E9808 /* MyContacts */;
			targetProxy = 585E0468259EB9C2008E9808 /* PBXContainerItemProxy */;
		};
		585E0474259EB9C2008E9808 /* PBXTargetDependency */ = {
			isa = PBXTargetDependency;
			target = 585E0455259EB9C1008E9808 /* MyContacts */;
			targetProxy = 585E0473259EB9C2008E9808 /* PBXContainerItemProxy */;
		};
/* End PBXTargetDependency section */

/* Begin XCBuildConfiguration section */
		585E0479259EB9C2008E9808 /* Debug */ = {
			isa = XCBuildConfiguration;
			buildSettings = {
				ALWAYS_SEARCH_USER_PATHS = NO;
				CLANG_ANALYZER_NONNULL = YES;
				CLANG_ANALYZER_NUMBER_OBJECT_CONVERSION = YES_AGGRESSIVE;
				CLANG_CXX_LANGUAGE_STANDARD = "gnu++14";
				CLANG_CXX_LIBRARY = "libc++";
				CLANG_ENABLE_MODULES = YES;
				CLANG_ENABLE_OBJC_ARC = YES;
				CLANG_ENABLE_OBJC_WEAK = YES;
				CLANG_WARN_BLOCK_CAPTURE_AUTORELEASING = YES;
				CLANG_WARN_BOOL_CONVERSION = YES;
				CLANG_WARN_COMMA = YES;
				CLANG_WARN_CONSTANT_CONVERSION = YES;
				CLANG_WARN_DEPRECATED_OBJC_IMPLEMENTATIONS = YES;
				CLANG_WARN_DIRECT_OBJC_ISA_USAGE = YES_ERROR;
				CLANG_WARN_DOCUMENTATION_COMMENTS = YES;
				CLANG_WARN_EMPTY_BODY = YES;
				CLANG_WARN_ENUM_CONVERSION = YES;
				CLANG_WARN_INFINITE_RECURSION = YES;
				CLANG_WARN_INT_CONVERSION = YES;
				CLANG_WARN_NON_LITERAL_NULL_CONVERSION = YES;
				CLANG_WARN_OBJC_IMPLICIT_RETAIN_SELF = YES;
				CLANG_WARN_OBJC_LITERAL_CONVERSION = YES;
				CLANG_WARN_OBJC_ROOT_CLASS = YES_ERROR;
				CLANG_WARN_QUOTED_INCLUDE_IN_FRAMEWORK_HEADER = YES;
				CLANG_WARN_RANGE_LOOP_ANALYSIS = YES;
				CLANG_WARN_STRICT_PROTOTYPES = YES;
				CLANG_WARN_SUSPICIOUS_MOVE = YES;
				CLANG_WARN_UNGUARDED_AVAILABILITY = YES_AGGRESSIVE;
				CLANG_WARN_UNREACHABLE_CODE = YES;
				CLANG_WARN__DUPLICATE_METHOD_MATCH = YES;
				COPY_PHASE_STRIP = NO;
				DEBUG_INFORMATION_FORMAT = dwarf;
				ENABLE_STRICT_OBJC_MSGSEND = YES;
				ENABLE_TESTABILITY = YES;
				GCC_C_LANGUAGE_STANDARD = gnu11;
				GCC_DYNAMIC_NO_PIC = NO;
				GCC_NO_COMMON_BLOCKS = YES;
				GCC_OPTIMIZATION_LEVEL = 0;
				GCC_PREPROCESSOR_DEFINITIONS = (
					"DEBUG=1",
					"$(inherited)",
				);
				GCC_WARN_64_TO_32_BIT_CONVERSION = YES;
				GCC_WARN_ABOUT_RETURN_TYPE = YES_ERROR;
				GCC_WARN_UNDECLARED_SELECTOR = YES;
				GCC_WARN_UNINITIALIZED_AUTOS = YES_AGGRESSIVE;
				GCC_WARN_UNUSED_FUNCTION = YES;
				GCC_WARN_UNUSED_VARIABLE = YES;
				IPHONEOS_DEPLOYMENT_TARGET = 14.3;
				MTL_ENABLE_DEBUG_INFO = INCLUDE_SOURCE;
				MTL_FAST_MATH = YES;
				ONLY_ACTIVE_ARCH = YES;
				SDKROOT = iphoneos;
				SWIFT_ACTIVE_COMPILATION_CONDITIONS = DEBUG;
				SWIFT_OPTIMIZATION_LEVEL = "-Onone";
			};
			name = Debug;
		};
		585E047A259EB9C2008E9808 /* Release */ = {
			isa = XCBuildConfiguration;
			buildSettings = {
				ALWAYS_SEARCH_USER_PATHS = NO;
				CLANG_ANALYZER_NONNULL = YES;
				CLANG_ANALYZER_NUMBER_OBJECT_CONVERSION = YES_AGGRESSIVE;
				CLANG_CXX_LANGUAGE_STANDARD = "gnu++14";
				CLANG_CXX_LIBRARY = "libc++";
				CLANG_ENABLE_MODULES = YES;
				CLANG_ENABLE_OBJC_ARC = YES;
				CLANG_ENABLE_OBJC_WEAK = YES;
				CLANG_WARN_BLOCK_CAPTURE_AUTORELEASING = YES;
				CLANG_WARN_BOOL_CONVERSION = YES;
				CLANG_WARN_COMMA = YES;
				CLANG_WARN_CONSTANT_CONVERSION = YES;
				CLANG_WARN_DEPRECATED_OBJC_IMPLEMENTATIONS = YES;
				CLANG_WARN_DIRECT_OBJC_ISA_USAGE = YES_ERROR;
				CLANG_WARN_DOCUMENTATION_COMMENTS = YES;
				CLANG_WARN_EMPTY_BODY = YES;
				CLANG_WARN_ENUM_CONVERSION = YES;
				CLANG_WARN_INFINITE_RECURSION = YES;
				CLANG_WARN_INT_CONVERSION = YES;
				CLANG_WARN_NON_LITERAL_NULL_CONVERSION = YES;
				CLANG_WARN_OBJC_IMPLICIT_RETAIN_SELF = YES;
				CLANG_WARN_OBJC_LITERAL_CONVERSION = YES;
				CLANG_WARN_OBJC_ROOT_CLASS = YES_ERROR;
				CLANG_WARN_QUOTED_INCLUDE_IN_FRAMEWORK_HEADER = YES;
				CLANG_WARN_RANGE_LOOP_ANALYSIS = YES;
				CLANG_WARN_STRICT_PROTOTYPES = YES;
				CLANG_WARN_SUSPICIOUS_MOVE = YES;
				CLANG_WARN_UNGUARDED_AVAILABILITY = YES_AGGRESSIVE;
				CLANG_WARN_UNREACHABLE_CODE = YES;
				CLANG_WARN__DUPLICATE_METHOD_MATCH = YES;
				COPY_PHASE_STRIP = NO;
				DEBUG_INFORMATION_FORMAT = "dwarf-with-dsym";
				ENABLE_NS_ASSERTIONS = NO;
				ENABLE_STRICT_OBJC_MSGSEND = YES;
				GCC_C_LANGUAGE_STANDARD = gnu11;
				GCC_NO_COMMON_BLOCKS = YES;
				GCC_WARN_64_TO_32_BIT_CONVERSION = YES;
				GCC_WARN_ABOUT_RETURN_TYPE = YES_ERROR;
				GCC_WARN_UNDECLARED_SELECTOR = YES;
				GCC_WARN_UNINITIALIZED_AUTOS = YES_AGGRESSIVE;
				GCC_WARN_UNUSED_FUNCTION = YES;
				GCC_WARN_UNUSED_VARIABLE = YES;
				IPHONEOS_DEPLOYMENT_TARGET = 14.3;
				MTL_ENABLE_DEBUG_INFO = NO;
				MTL_FAST_MATH = YES;
				SDKROOT = iphoneos;
				SWIFT_COMPILATION_MODE = wholemodule;
				SWIFT_OPTIMIZATION_LEVEL = "-O";
				VALIDATE_PRODUCT = YES;
			};
			name = Release;
		};
		585E047C259EB9C2008E9808 /* Debug */ = {
			isa = XCBuildConfiguration;
			buildSettings = {
				ASSETCATALOG_COMPILER_APPICON_NAME = AppIcon;
				ASSETCATALOG_COMPILER_GLOBAL_ACCENT_COLOR_NAME = AccentColor;
				CODE_SIGN_STYLE = Automatic;
				DEVELOPMENT_ASSET_PATHS = "\"MyContacts/Preview Content\"";
				DEVELOPMENT_TEAM = RXV6Y5GM2V;
				ENABLE_PREVIEWS = YES;
				INFOPLIST_FILE = MyContacts/Info.plist;
				IPHONEOS_DEPLOYMENT_TARGET = 14.0;
				LD_RUNPATH_SEARCH_PATHS = (
					"$(inherited)",
					"@executable_path/Frameworks",
				);
				PRODUCT_BUNDLE_IDENTIFIER = "Rushan-Benazir.MyContacts";
				PRODUCT_NAME = "$(TARGET_NAME)";
				SWIFT_VERSION = 5.0;
				TARGETED_DEVICE_FAMILY = "1,2";
			};
			name = Debug;
		};
		585E047D259EB9C2008E9808 /* Release */ = {
			isa = XCBuildConfiguration;
			buildSettings = {
				ASSETCATALOG_COMPILER_APPICON_NAME = AppIcon;
				ASSETCATALOG_COMPILER_GLOBAL_ACCENT_COLOR_NAME = AccentColor;
				CODE_SIGN_STYLE = Automatic;
				DEVELOPMENT_ASSET_PATHS = "\"MyContacts/Preview Content\"";
				DEVELOPMENT_TEAM = RXV6Y5GM2V;
				ENABLE_PREVIEWS = YES;
				INFOPLIST_FILE = MyContacts/Info.plist;
				IPHONEOS_DEPLOYMENT_TARGET = 14.0;
				LD_RUNPATH_SEARCH_PATHS = (
					"$(inherited)",
					"@executable_path/Frameworks",
				);
				PRODUCT_BUNDLE_IDENTIFIER = "Rushan-Benazir.MyContacts";
				PRODUCT_NAME = "$(TARGET_NAME)";
				SWIFT_VERSION = 5.0;
				TARGETED_DEVICE_FAMILY = "1,2";
			};
			name = Release;
		};
		585E047F259EB9C2008E9808 /* Debug */ = {
			isa = XCBuildConfiguration;
			buildSettings = {
				ALWAYS_EMBED_SWIFT_STANDARD_LIBRARIES = YES;
				BUNDLE_LOADER = "$(TEST_HOST)";
				CODE_SIGN_STYLE = Automatic;
				DEVELOPMENT_TEAM = RXV6Y5GM2V;
				INFOPLIST_FILE = MyContactsTests/Info.plist;
				IPHONEOS_DEPLOYMENT_TARGET = 14.0;
				LD_RUNPATH_SEARCH_PATHS = (
					"$(inherited)",
					"@executable_path/Frameworks",
					"@loader_path/Frameworks",
				);
				PRODUCT_BUNDLE_IDENTIFIER = "Rushan-Benazir.MyContactsTests";
				PRODUCT_NAME = "$(TARGET_NAME)";
				SWIFT_VERSION = 5.0;
				TARGETED_DEVICE_FAMILY = "1,2";
				TEST_HOST = "$(BUILT_PRODUCTS_DIR)/MyContacts.app/MyContacts";
			};
			name = Debug;
		};
		585E0480259EB9C2008E9808 /* Release */ = {
			isa = XCBuildConfiguration;
			buildSettings = {
				ALWAYS_EMBED_SWIFT_STANDARD_LIBRARIES = YES;
				BUNDLE_LOADER = "$(TEST_HOST)";
				CODE_SIGN_STYLE = Automatic;
				DEVELOPMENT_TEAM = RXV6Y5GM2V;
				INFOPLIST_FILE = MyContactsTests/Info.plist;
				IPHONEOS_DEPLOYMENT_TARGET = 14.0;
				LD_RUNPATH_SEARCH_PATHS = (
					"$(inherited)",
					"@executable_path/Frameworks",
					"@loader_path/Frameworks",
				);
				PRODUCT_BUNDLE_IDENTIFIER = "Rushan-Benazir.MyContactsTests";
				PRODUCT_NAME = "$(TARGET_NAME)";
				SWIFT_VERSION = 5.0;
				TARGETED_DEVICE_FAMILY = "1,2";
				TEST_HOST = "$(BUILT_PRODUCTS_DIR)/MyContacts.app/MyContacts";
			};
			name = Release;
		};
		585E0482259EB9C2008E9808 /* Debug */ = {
			isa = XCBuildConfiguration;
			buildSettings = {
				ALWAYS_EMBED_SWIFT_STANDARD_LIBRARIES = YES;
				CODE_SIGN_STYLE = Automatic;
				DEVELOPMENT_TEAM = RXV6Y5GM2V;
				INFOPLIST_FILE = MyContactsUITests/Info.plist;
				LD_RUNPATH_SEARCH_PATHS = (
					"$(inherited)",
					"@executable_path/Frameworks",
					"@loader_path/Frameworks",
				);
				PRODUCT_BUNDLE_IDENTIFIER = "Rushan-Benazir.MyContactsUITests";
				PRODUCT_NAME = "$(TARGET_NAME)";
				SWIFT_VERSION = 5.0;
				TARGETED_DEVICE_FAMILY = "1,2";
				TEST_TARGET_NAME = MyContacts;
			};
			name = Debug;
		};
		585E0483259EB9C2008E9808 /* Release */ = {
			isa = XCBuildConfiguration;
			buildSettings = {
				ALWAYS_EMBED_SWIFT_STANDARD_LIBRARIES = YES;
				CODE_SIGN_STYLE = Automatic;
				DEVELOPMENT_TEAM = RXV6Y5GM2V;
				INFOPLIST_FILE = MyContactsUITests/Info.plist;
				LD_RUNPATH_SEARCH_PATHS = (
					"$(inherited)",
					"@executable_path/Frameworks",
					"@loader_path/Frameworks",
				);
				PRODUCT_BUNDLE_IDENTIFIER = "Rushan-Benazir.MyContactsUITests";
				PRODUCT_NAME = "$(TARGET_NAME)";
				SWIFT_VERSION = 5.0;
				TARGETED_DEVICE_FAMILY = "1,2";
				TEST_TARGET_NAME = MyContacts;
			};
			name = Release;
		};
/* End XCBuildConfiguration section */

/* Begin XCConfigurationList section */
		585E0451259EB9C1008E9808 /* Build configuration list for PBXProject "MyContacts" */ = {
			isa = XCConfigurationList;
			buildConfigurations = (
				585E0479259EB9C2008E9808 /* Debug */,
				585E047A259EB9C2008E9808 /* Release */,
			);
			defaultConfigurationIsVisible = 0;
			defaultConfigurationName = Release;
		};
		585E047B259EB9C2008E9808 /* Build configuration list for PBXNativeTarget "MyContacts" */ = {
			isa = XCConfigurationList;
			buildConfigurations = (
				585E047C259EB9C2008E9808 /* Debug */,
				585E047D259EB9C2008E9808 /* Release */,
			);
			defaultConfigurationIsVisible = 0;
			defaultConfigurationName = Release;
		};
		585E047E259EB9C2008E9808 /* Build configuration list for PBXNativeTarget "MyContactsTests" */ = {
			isa = XCConfigurationList;
			buildConfigurations = (
				585E047F259EB9C2008E9808 /* Debug */,
				585E0480259EB9C2008E9808 /* Release */,
			);
			defaultConfigurationIsVisible = 0;
			defaultConfigurationName = Release;
		};
		585E0481259EB9C2008E9808 /* Build configuration list for PBXNativeTarget "MyContactsUITests" */ = {
			isa = XCConfigurationList;
			buildConfigurations = (
				585E0482259EB9C2008E9808 /* Debug */,
				585E0483259EB9C2008E9808 /* Release */,
			);
			defaultConfigurationIsVisible = 0;
			defaultConfigurationName = Release;
		};
/* End XCConfigurationList section */
	};
	rootObject = 585E044E259EB9C1008E9808 /* Project object */;
}
